
Microsoft Visual Studio Solution File, Format Version 12.00
# Visual Studio 14
VisualStudioVersion = 14.0.25123.0
MinimumVisualStudioVersion = 10.0.40219.1
Project("{FAE04EC0-301F-11D3-BF4B-00C04F79EFBC}") = "TB.Droid", "TB\TB.Droid\TB.Droid.csproj", "{80AFACDD-FB62-49DD-91E2-2BCD40329052}"
EndProject
Project("{FAE04EC0-301F-11D3-BF4B-00C04F79EFBC}") = "TB.iOS", "TB\TB.iOS\TB.iOS.csproj", "{8511402C-D702-48DC-9F13-1C933FFB842F}"
EndProject
Project("{FAE04EC0-301F-11D3-BF4B-00C04F79EFBC}") = "TB.UWP", "TB\TB.UWP\TB.UWP.csproj", "{7C73975C-615A-4159-8BF2-6217BBF660FE}"
EndProject
Project("{FAE04EC0-301F-11D3-BF4B-00C04F79EFBC}") = "TB", "TB\TB\TB.csproj", "{27460DD7-6B81-4837-8C8E-F845A461A827}"
EndProject
Global
	GlobalSection(SolutionConfigurationPlatforms) = preSolution
		Ad-Hoc|Any CPU = Ad-Hoc|Any CPU
		Ad-Hoc|ARM = Ad-Hoc|ARM
		Ad-Hoc|iPhone = Ad-Hoc|iPhone
		Ad-Hoc|iPhoneSimulator = Ad-Hoc|iPhoneSimulator
		Ad-Hoc|x64 = Ad-Hoc|x64
		Ad-Hoc|x86 = Ad-Hoc|x86
		AppStore|Any CPU = AppStore|Any CPU
		AppStore|ARM = AppStore|ARM
		AppStore|iPhone = AppStore|iPhone
		AppStore|iPhoneSimulator = AppStore|iPhoneSimulator
		AppStore|x64 = AppStore|x64
		AppStore|x86 = AppStore|x86
		Debug|Any CPU = Debug|Any CPU
		Debug|ARM = Debug|ARM
		Debug|iPhone = Debug|iPhone
		Debug|iPhoneSimulator = Debug|iPhoneSimulator
		Debug|x64 = Debug|x64
		Debug|x86 = Debug|x86
		Release|Any CPU = Release|Any CPU
		Release|ARM = Release|ARM
		Release|iPhone = Release|iPhone
		Release|iPhoneSimulator = Release|iPhoneSimulator
		Release|x64 = Release|x64
		Release|x86 = Release|x86
	EndGlobalSection
	GlobalSection(ProjectConfigurationPlatforms) = postSolution
		{80AFACDD-FB62-49DD-91E2-2BCD40329052}.Ad-Hoc|Any CPU.ActiveCfg = Release|Any CPU
		{80AFACDD-FB62-49DD-91E2-2BCD40329052}.Ad-Hoc|Any CPU.Build.0 = Release|Any CPU
		{80AFACDD-FB62-49DD-91E2-2BCD40329052}.Ad-Hoc|Any CPU.Deploy.0 = Release|Any CPU
		{80AFACDD-FB62-49DD-91E2-2BCD40329052}.Ad-Hoc|ARM.ActiveCfg = Release|Any CPU
		{80AFACDD-FB62-49DD-91E2-2BCD40329052}.Ad-Hoc|ARM.Build.0 = Release|Any CPU
		{80AFACDD-FB62-49DD-91E2-2BCD40329052}.Ad-Hoc|ARM.Deploy.0 = Release|Any CPU
		{80AFACDD-FB62-49DD-91E2-2BCD40329052}.Ad-Hoc|iPhone.ActiveCfg = Release|Any CPU
		{80AFACDD-FB62-49DD-91E2-2BCD40329052}.Ad-Hoc|iPhone.Build.0 = Release|Any CPU
		{80AFACDD-FB62-49DD-91E2-2BCD40329052}.Ad-Hoc|iPhone.Deploy.0 = Release|Any CPU
		{80AFACDD-FB62-49DD-91E2-2BCD40329052}.Ad-Hoc|iPhoneSimulator.ActiveCfg = Release|Any CPU
		{80AFACDD-FB62-49DD-91E2-2BCD40329052}.Ad-Hoc|iPhoneSimulator.Build.0 = Release|Any CPU
		{80AFACDD-FB62-49DD-91E2-2BCD40329052}.Ad-Hoc|iPhoneSimulator.Deploy.0 = Release|Any CPU
		{80AFACDD-FB62-49DD-91E2-2BCD40329052}.Ad-Hoc|x64.ActiveCfg = Release|Any CPU
		{80AFACDD-FB62-49DD-91E2-2BCD40329052}.Ad-Hoc|x64.Build.0 = Release|Any CPU
		{80AFACDD-FB62-49DD-91E2-2BCD40329052}.Ad-Hoc|x64.Deploy.0 = Release|Any CPU
		{80AFACDD-FB62-49DD-91E2-2BCD40329052}.Ad-Hoc|x86.ActiveCfg = Release|Any CPU
		{80AFACDD-FB62-49DD-91E2-2BCD40329052}.Ad-Hoc|x86.Build.0 = Release|Any CPU
		{80AFACDD-FB62-49DD-91E2-2BCD40329052}.Ad-Hoc|x86.Deploy.0 = Release|Any CPU
		{80AFACDD-FB62-49DD-91E2-2BCD40329052}.AppStore|Any CPU.ActiveCfg = Release|Any CPU
		{80AFACDD-FB62-49DD-91E2-2BCD40329052}.AppStore|Any CPU.Build.0 = Release|Any CPU
		{80AFACDD-FB62-49DD-91E2-2BCD40329052}.AppStore|Any CPU.Deploy.0 = Release|Any CPU
		{80AFACDD-FB62-49DD-91E2-2BCD40329052}.AppStore|ARM.ActiveCfg = Release|Any CPU
		{80AFACDD-FB62-49DD-91E2-2BCD40329052}.AppStore|ARM.Build.0 = Release|Any CPU
		{80AFACDD-FB62-49DD-91E2-2BCD40329052}.AppStore|ARM.Deploy.0 = Release|Any CPU
		{80AFACDD-FB62-49DD-91E2-2BCD40329052}.AppStore|iPhone.ActiveCfg = Release|Any CPU
		{80AFACDD-FB62-49DD-91E2-2BCD40329052}.AppStore|iPhone.Build.0 = Release|Any CPU
		{80AFACDD-FB62-49DD-91E2-2BCD40329052}.AppStore|iPhone.Deploy.0 = Release|Any CPU
		{80AFACDD-FB62-49DD-91E2-2BCD40329052}.AppStore|iPhoneSimulator.ActiveCfg = Release|Any CPU
		{80AFACDD-FB62-49DD-91E2-2BCD40329052}.AppStore|iPhoneSimulator.Build.0 = Release|Any CPU
		{80AFACDD-FB62-49DD-91E2-2BCD40329052}.AppStore|iPhoneSimulator.Deploy.0 = Release|Any CPU
		{80AFACDD-FB62-49DD-91E2-2BCD40329052}.AppStore|x64.ActiveCfg = Release|Any CPU
		{80AFACDD-FB62-49DD-91E2-2BCD40329052}.AppStore|x64.Build.0 = Release|Any CPU
		{80AFACDD-FB62-49DD-91E2-2BCD40329052}.AppStore|x64.Deploy.0 = Release|Any CPU
		{80AFACDD-FB62-49DD-91E2-2BCD40329052}.AppStore|x86.ActiveCfg = Release|Any CPU
		{80AFACDD-FB62-49DD-91E2-2BCD40329052}.AppStore|x86.Build.0 = Release|Any CPU
		{80AFACDD-FB62-49DD-91E2-2BCD40329052}.AppStore|x86.Deploy.0 = Release|Any CPU
		{80AFACDD-FB62-49DD-91E2-2BCD40329052}.Debug|Any CPU.ActiveCfg = Debug|Any CPU
		{80AFACDD-FB62-49DD-91E2-2BCD40329052}.Debug|Any CPU.Build.0 = Debug|Any CPU
		{80AFACDD-FB62-49DD-91E2-2BCD40329052}.Debug|Any CPU.Deploy.0 = Debug|Any CPU
		{80AFACDD-FB62-49DD-91E2-2BCD40329052}.Debug|ARM.ActiveCfg = Debug|Any CPU
		{80AFACDD-FB62-49DD-91E2-2BCD40329052}.Debug|ARM.Build.0 = Debug|Any CPU
		{80AFACDD-FB62-49DD-91E2-2BCD40329052}.Debug|ARM.Deploy.0 = Debug|Any CPU
		{80AFACDD-FB62-49DD-91E2-2BCD40329052}.Debug|iPhone.ActiveCfg = Debug|Any CPU
		{80AFACDD-FB62-49DD-91E2-2BCD40329052}.Debug|iPhone.Build.0 = Debug|Any CPU
		{80AFACDD-FB62-49DD-91E2-2BCD40329052}.Debug|iPhone.Deploy.0 = Debug|Any CPU
		{80AFACDD-FB62-49DD-91E2-2BCD40329052}.Debug|iPhoneSimulator.ActiveCfg = Debug|Any CPU
		{80AFACDD-FB62-49DD-91E2-2BCD40329052}.Debug|iPhoneSimulator.Build.0 = Debug|Any CPU
		{80AFACDD-FB62-49DD-91E2-2BCD40329052}.Debug|iPhoneSimulator.Deploy.0 = Debug|Any CPU
		{80AFACDD-FB62-49DD-91E2-2BCD40329052}.Debug|x64.ActiveCfg = Debug|Any CPU
		{80AFACDD-FB62-49DD-91E2-2BCD40329052}.Debug|x64.Build.0 = Debug|Any CPU
		{80AFACDD-FB62-49DD-91E2-2BCD40329052}.Debug|x64.Deploy.0 = Debug|Any CPU
		{80AFACDD-FB62-49DD-91E2-2BCD40329052}.Debug|x86.ActiveCfg = Debug|Any CPU
		{80AFACDD-FB62-49DD-91E2-2BCD40329052}.Debug|x86.Build.0 = Debug|Any CPU
		{80AFACDD-FB62-49DD-91E2-2BCD40329052}.Debug|x86.Deploy.0 = Debug|Any CPU
		{80AFACDD-FB62-49DD-91E2-2BCD40329052}.Release|Any CPU.ActiveCfg = Release|Any CPU
		{80AFACDD-FB62-49DD-91E2-2BCD40329052}.Release|Any CPU.Build.0 = Release|Any CPU
		{80AFACDD-FB62-49DD-91E2-2BCD40329052}.Release|Any CPU.Deploy.0 = Release|Any CPU
		{80AFACDD-FB62-49DD-91E2-2BCD40329052}.Release|ARM.ActiveCfg = Release|Any CPU
		{80AFACDD-FB62-49DD-91E2-2BCD40329052}.Release|ARM.Build.0 = Release|Any CPU
		{80AFACDD-FB62-49DD-91E2-2BCD40329052}.Release|ARM.Deploy.0 = Release|Any CPU
		{80AFACDD-FB62-49DD-91E2-2BCD40329052}.Release|iPhone.ActiveCfg = Release|Any CPU
		{80AFACDD-FB62-49DD-91E2-2BCD40329052}.Release|iPhone.Build.0 = Release|Any CPU
		{80AFACDD-FB62-49DD-91E2-2BCD40329052}.Release|iPhone.Deploy.0 = Release|Any CPU
		{80AFACDD-FB62-49DD-91E2-2BCD40329052}.Release|iPhoneSimulator.ActiveCfg = Release|Any CPU
		{80AFACDD-FB62-49DD-91E2-2BCD40329052}.Release|iPhoneSimulator.Build.0 = Release|Any CPU
		{80AFACDD-FB62-49DD-91E2-2BCD40329052}.Release|iPhoneSimulator.Deploy.0 = Release|Any CPU
		{80AFACDD-FB62-49DD-91E2-2BCD40329052}.Release|x64.ActiveCfg = Release|Any CPU
		{80AFACDD-FB62-49DD-91E2-2BCD40329052}.Release|x64.Build.0 = Release|Any CPU
		{80AFACDD-FB62-49DD-91E2-2BCD40329052}.Release|x64.Deploy.0 = Release|Any CPU
		{80AFACDD-FB62-49DD-91E2-2BCD40329052}.Release|x86.ActiveCfg = Release|Any CPU
		{80AFACDD-FB62-49DD-91E2-2BCD40329052}.Release|x86.Build.0 = Release|Any CPU
		{80AFACDD-FB62-49DD-91E2-2BCD40329052}.Release|x86.Deploy.0 = Release|Any CPU
		{8511402C-D702-48DC-9F13-1C933FFB842F}.Ad-Hoc|Any CPU.ActiveCfg = Ad-Hoc|iPhone
		{8511402C-D702-48DC-9F13-1C933FFB842F}.Ad-Hoc|ARM.ActiveCfg = Ad-Hoc|iPhone
		{8511402C-D702-48DC-9F13-1C933FFB842F}.Ad-Hoc|iPhone.ActiveCfg = Ad-Hoc|iPhone
		{8511402C-D702-48DC-9F13-1C933FFB842F}.Ad-Hoc|iPhone.Build.0 = Ad-Hoc|iPhone
		{8511402C-D702-48DC-9F13-1C933FFB842F}.Ad-Hoc|iPhoneSimulator.ActiveCfg = Ad-Hoc|iPhoneSimulator
		{8511402C-D702-48DC-9F13-1C933FFB842F}.Ad-Hoc|iPhoneSimulator.Build.0 = Ad-Hoc|iPhoneSimulator
		{8511402C-D702-48DC-9F13-1C933FFB842F}.Ad-Hoc|x64.ActiveCfg = Ad-Hoc|iPhone
		{8511402C-D702-48DC-9F13-1C933FFB842F}.Ad-Hoc|x86.ActiveCfg = Ad-Hoc|iPhone
		{8511402C-D702-48DC-9F13-1C933FFB842F}.AppStore|Any CPU.ActiveCfg = AppStore|iPhone
		{8511402C-D702-48DC-9F13-1C933FFB842F}.AppStore|ARM.ActiveCfg = AppStore|iPhone
		{8511402C-D702-48DC-9F13-1C933FFB842F}.AppStore|iPhone.ActiveCfg = AppStore|iPhone
		{8511402C-D702-48DC-9F13-1C933FFB842F}.AppStore|iPhone.Build.0 = AppStore|iPhone
		{8511402C-D702-48DC-9F13-1C933FFB842F}.AppStore|iPhoneSimulator.ActiveCfg = AppStore|iPhoneSimulator
		{8511402C-D702-48DC-9F13-1C933FFB842F}.AppStore|iPhoneSimulator.Build.0 = AppStore|iPhoneSimulator
		{8511402C-D702-48DC-9F13-1C933FFB842F}.AppStore|x64.ActiveCfg = AppStore|iPhone
		{8511402C-D702-48DC-9F13-1C933FFB842F}.AppStore|x86.ActiveCfg = AppStore|iPhone
		{8511402C-D702-48DC-9F13-1C933FFB842F}.Debug|Any CPU.ActiveCfg = Debug|iPhone
		{8511402C-D702-48DC-9F13-1C933FFB842F}.Debug|ARM.ActiveCfg = Debug|iPhone
		{8511402C-D702-48DC-9F13-1C933FFB842F}.Debug|iPhone.ActiveCfg = Debug|iPhone
		{8511402C-D702-48DC-9F13-1C933FFB842F}.Debug|iPhone.Build.0 = Debug|iPhone
		{8511402C-D702-48DC-9F13-1C933FFB842F}.Debug|iPhoneSimulator.ActiveCfg = Debug|iPhoneSimulator
		{8511402C-D702-48DC-9F13-1C933FFB842F}.Debug|iPhoneSimulator.Build.0 = Debug|iPhoneSimulator
		{8511402C-D702-48DC-9F13-1C933FFB842F}.Debug|x64.ActiveCfg = Debug|iPhone
		{8511402C-D702-48DC-9F13-1C933FFB842F}.Debug|x86.ActiveCfg = Debug|iPhone
		{8511402C-D702-48DC-9F13-1C933FFB842F}.Release|Any CPU.ActiveCfg = Release|iPhone
		{8511402C-D702-48DC-9F13-1C933FFB842F}.Release|ARM.ActiveCfg = Release|iPhone
		{8511402C-D702-48DC-9F13-1C933FFB842F}.Release|iPhone.ActiveCfg = Release|iPhone
		{8511402C-D702-48DC-9F13-1C933FFB842F}.Release|iPhone.Build.0 = Release|iPhone
		{8511402C-D702-48DC-9F13-1C933FFB842F}.Release|iPhoneSimulator.ActiveCfg = Release|iPhoneSimulator
		{8511402C-D702-48DC-9F13-1C933FFB842F}.Release|iPhoneSimulator.Build.0 = Release|iPhoneSimulator
		{8511402C-D702-48DC-9F13-1C933FFB842F}.Release|x64.ActiveCfg = Release|iPhone
		{8511402C-D702-48DC-9F13-1C933FFB842F}.Release|x86.ActiveCfg = Release|iPhone
		{7C73975C-615A-4159-8BF2-6217BBF660FE}.Ad-Hoc|Any CPU.ActiveCfg = Release|x86
		{7C73975C-615A-4159-8BF2-6217BBF660FE}.Ad-Hoc|Any CPU.Build.0 = Release|x86
		{7C73975C-615A-4159-8BF2-6217BBF660FE}.Ad-Hoc|Any CPU.Deploy.0 = Release|x86
		{7C73975C-615A-4159-8BF2-6217BBF660FE}.Ad-Hoc|ARM.ActiveCfg = Release|ARM
		{7C73975C-615A-4159-8BF2-6217BBF660FE}.Ad-Hoc|ARM.Build.0 = Release|ARM
		{7C73975C-615A-4159-8BF2-6217BBF660FE}.Ad-Hoc|ARM.Deploy.0 = Release|ARM
		{7C73975C-615A-4159-8BF2-6217BBF660FE}.Ad-Hoc|iPhone.ActiveCfg = Release|x86
		{7C73975C-615A-4159-8BF2-6217BBF660FE}.Ad-Hoc|iPhone.Build.0 = Release|x86
		{7C73975C-615A-4159-8BF2-6217BBF660FE}.Ad-Hoc|iPhone.Deploy.0 = Release|x86
		{7C73975C-615A-4159-8BF2-6217BBF660FE}.Ad-Hoc|iPhoneSimulator.ActiveCfg = Release|x86
		{7C73975C-615A-4159-8BF2-6217BBF660FE}.Ad-Hoc|iPhoneSimulator.Build.0 = Release|x86
		{7C73975C-615A-4159-8BF2-6217BBF660FE}.Ad-Hoc|iPhoneSimulator.Deploy.0 = Release|x86
		{7C73975C-615A-4159-8BF2-6217BBF660FE}.Ad-Hoc|x64.ActiveCfg = Release|x64
		{7C73975C-615A-4159-8BF2-6217BBF660FE}.Ad-Hoc|x64.Build.0 = Release|x64
		{7C73975C-615A-4159-8BF2-6217BBF660FE}.Ad-Hoc|x64.Deploy.0 = Release|x64
		{7C73975C-615A-4159-8BF2-6217BBF660FE}.Ad-Hoc|x86.ActiveCfg = Release|x86
		{7C73975C-615A-4159-8BF2-6217BBF660FE}.Ad-Hoc|x86.Build.0 = Release|x86
		{7C73975C-615A-4159-8BF2-6217BBF660FE}.Ad-Hoc|x86.Deploy.0 = Release|x86
		{7C73975C-615A-4159-8BF2-6217BBF660FE}.AppStore|Any CPU.ActiveCfg = Release|x86
		{7C73975C-615A-4159-8BF2-6217BBF660FE}.AppStore|Any CPU.Build.0 = Release|x86
		{7C73975C-615A-4159-8BF2-6217BBF660FE}.AppStore|Any CPU.Deploy.0 = Release|x86
		{7C73975C-615A-4159-8BF2-6217BBF660FE}.AppStore|ARM.ActiveCfg = Release|ARM
		{7C73975C-615A-4159-8BF2-6217BBF660FE}.AppStore|ARM.Build.0 = Release|ARM
		{7C73975C-615A-4159-8BF2-6217BBF660FE}.AppStore|ARM.Deploy.0 = Release|ARM
		{7C73975C-615A-4159-8BF2-6217BBF660FE}.AppStore|iPhone.ActiveCfg = Release|x86
		{7C73975C-615A-4159-8BF2-6217BBF660FE}.AppStore|iPhone.Build.0 = Release|x86
		{7C73975C-615A-4159-8BF2-6217BBF660FE}.AppStore|iPhone.Deploy.0 = Release|x86
		{7C73975C-615A-4159-8BF2-6217BBF660FE}.AppStore|iPhoneSimulator.ActiveCfg = Release|x86
		{7C73975C-615A-4159-8BF2-6217BBF660FE}.AppStore|iPhoneSimulator.Build.0 = Release|x86
		{7C73975C-615A-4159-8BF2-6217BBF660FE}.AppStore|iPhoneSimulator.Deploy.0 = Release|x86
		{7C73975C-615A-4159-8BF2-6217BBF660FE}.AppStore|x64.ActiveCfg = Release|x64
		{7C73975C-615A-4159-8BF2-6217BBF660FE}.AppStore|x64.Build.0 = Release|x64
		{7C73975C-615A-4159-8BF2-6217BBF660FE}.AppStore|x64.Deploy.0 = Release|x64
		{7C73975C-615A-4159-8BF2-6217BBF660FE}.AppStore|x86.ActiveCfg = Release|x86
		{7C73975C-615A-4159-8BF2-6217BBF660FE}.AppStore|x86.Build.0 = Release|x86
		{7C73975C-615A-4159-8BF2-6217BBF660FE}.AppStore|x86.Deploy.0 = Release|x86
		{7C73975C-615A-4159-8BF2-6217BBF660FE}.Debug|Any CPU.ActiveCfg = Debug|x86
		{7C73975C-615A-4159-8BF2-6217BBF660FE}.Debug|ARM.ActiveCfg = Debug|ARM
		{7C73975C-615A-4159-8BF2-6217BBF660FE}.Debug|ARM.Build.0 = Debug|ARM
		{7C73975C-615A-4159-8BF2-6217BBF660FE}.Debug|ARM.Deploy.0 = Debug|ARM
		{7C73975C-615A-4159-8BF2-6217BBF660FE}.Debug|iPhone.ActiveCfg = Debug|x86
		{7C73975C-615A-4159-8BF2-6217BBF660FE}.Debug|iPhoneSimulator.ActiveCfg = Debug|x86
		{7C73975C-615A-4159-8BF2-6217BBF660FE}.Debug|x64.ActiveCfg = Debug|x64
		{7C73975C-615A-4159-8BF2-6217BBF660FE}.Debug|x64.Build.0 = Debug|x64
		{7C73975C-615A-4159-8BF2-6217BBF660FE}.Debug|x64.Deploy.0 = Debug|x64
		{7C73975C-615A-4159-8BF2-6217BBF660FE}.Debug|x86.ActiveCfg = Debug|x86
		{7C73975C-615A-4159-8BF2-6217BBF660FE}.Debug|x86.Build.0 = Debug|x86
		{7C73975C-615A-4159-8BF2-6217BBF660FE}.Debug|x86.Deploy.0 = Debug|x86
		{7C73975C-615A-4159-8BF2-6217BBF660FE}.Release|Any CPU.ActiveCfg = Release|x86
		{7C73975C-615A-4159-8BF2-6217BBF660FE}.Release|ARM.ActiveCfg = Release|ARM
		{7C73975C-615A-4159-8BF2-6217BBF660FE}.Release|ARM.Build.0 = Release|ARM
		{7C73975C-615A-4159-8BF2-6217BBF660FE}.Release|ARM.Deploy.0 = Release|ARM
		{7C73975C-615A-4159-8BF2-6217BBF660FE}.Release|iPhone.ActiveCfg = Release|x86
		{7C73975C-615A-4159-8BF2-6217BBF660FE}.Release|iPhoneSimulator.ActiveCfg = Release|x86
		{7C73975C-615A-4159-8BF2-6217BBF660FE}.Release|x64.ActiveCfg = Release|x64
		{7C73975C-615A-4159-8BF2-6217BBF660FE}.Release|x64.Build.0 = Release|x64
		{7C73975C-615A-4159-8BF2-6217BBF660FE}.Release|x64.Deploy.0 = Release|x64
		{7C73975C-615A-4159-8BF2-6217BBF660FE}.Release|x86.ActiveCfg = Release|x86
		{7C73975C-615A-4159-8BF2-6217BBF660FE}.Release|x86.Build.0 = Release|x86
		{7C73975C-615A-4159-8BF2-6217BBF660FE}.Release|x86.Deploy.0 = Release|x86
		{27460DD7-6B81-4837-8C8E-F845A461A827}.Ad-Hoc|Any CPU.ActiveCfg = Release|Any CPU
		{27460DD7-6B81-4837-8C8E-F845A461A827}.Ad-Hoc|Any CPU.Build.0 = Release|Any CPU
		{27460DD7-6B81-4837-8C8E-F845A461A827}.Ad-Hoc|ARM.ActiveCfg = Release|Any CPU
		{27460DD7-6B81-4837-8C8E-F845A461A827}.Ad-Hoc|ARM.Build.0 = Release|Any CPU
		{27460DD7-6B81-4837-8C8E-F845A461A827}.Ad-Hoc|iPhone.ActiveCfg = Release|Any CPU
		{27460DD7-6B81-4837-8C8E-F845A461A827}.Ad-Hoc|iPhone.Build.0 = Release|Any CPU
		{27460DD7-6B81-4837-8C8E-F845A461A827}.Ad-Hoc|iPhoneSimulator.ActiveCfg = Release|Any CPU
		{27460DD7-6B81-4837-8C8E-F845A461A827}.Ad-Hoc|iPhoneSimulator.Build.0 = Release|Any CPU
		{27460DD7-6B81-4837-8C8E-F845A461A827}.Ad-Hoc|x64.ActiveCfg = Release|Any CPU
		{27460DD7-6B81-4837-8C8E-F845A461A827}.Ad-Hoc|x64.Build.0 = Release|Any CPU
		{27460DD7-6B81-4837-8C8E-F845A461A827}.Ad-Hoc|x86.ActiveCfg = Release|Any CPU
		{27460DD7-6B81-4837-8C8E-F845A461A827}.Ad-Hoc|x86.Build.0 = Release|Any CPU
		{27460DD7-6B81-4837-8C8E-F845A461A827}.AppStore|Any CPU.ActiveCfg = Release|Any CPU
		{27460DD7-6B81-4837-8C8E-F845A461A827}.AppStore|Any CPU.Build.0 = Release|Any CPU
		{27460DD7-6B81-4837-8C8E-F845A461A827}.AppStore|ARM.ActiveCfg = Release|Any CPU
		{27460DD7-6B81-4837-8C8E-F845A461A827}.AppStore|ARM.Build.0 = Release|Any CPU
		{27460DD7-6B81-4837-8C8E-F845A461A827}.AppStore|iPhone.ActiveCfg = Release|Any CPU
		{27460DD7-6B81-4837-8C8E-F845A461A827}.AppStore|iPhone.Build.0 = Release|Any CPU
		{27460DD7-6B81-4837-8C8E-F845A461A827}.AppStore|iPhoneSimulator.ActiveCfg = Release|Any CPU
		{27460DD7-6B81-4837-8C8E-F845A461A827}.AppStore|iPhoneSimulator.Build.0 = Release|Any CPU
		{27460DD7-6B81-4837-8C8E-F845A461A827}.AppStore|x64.ActiveCfg = Release|Any CPU
		{27460DD7-6B81-4837-8C8E-F845A461A827}.AppStore|x64.Build.0 = Release|Any CPU
		{27460DD7-6B81-4837-8C8E-F845A461A827}.AppStore|x86.ActiveCfg = Release|Any CPU
		{27460DD7-6B81-4837-8C8E-F845A461A827}.AppStore|x86.Build.0 = Release|Any CPU
		{27460DD7-6B81-4837-8C8E-F845A461A827}.Debug|Any CPU.ActiveCfg = Debug|Any CPU
		{27460DD7-6B81-4837-8C8E-F845A461A827}.Debug|Any CPU.Build.0 = Debug|Any CPU
		{27460DD7-6B81-4837-8C8E-F845A461A827}.Debug|ARM.ActiveCfg = Debug|Any CPU
		{27460DD7-6B81-4837-8C8E-F845A461A827}.Debug|ARM.Build.0 = Debug|Any CPU
		{27460DD7-6B81-4837-8C8E-F845A461A827}.Debug|iPhone.ActiveCfg = Debug|Any CPU
		{27460DD7-6B81-4837-8C8E-F845A461A827}.Debug|iPhone.Build.0 = Debug|Any CPU
		{27460DD7-6B81-4837-8C8E-F845A461A827}.Debug|iPhoneSimulator.ActiveCfg = Debug|Any CPU
		{27460DD7-6B81-4837-8C8E-F845A461A827}.Debug|iPhoneSimulator.Build.0 = Debug|Any CPU
		{27460DD7-6B81-4837-8C8E-F845A461A827}.Debug|x64.ActiveCfg = Debug|Any CPU
		{27460DD7-6B81-4837-8C8E-F845A461A827}.Debug|x64.Build.0 = Debug|Any CPU
		{27460DD7-6B81-4837-8C8E-F845A461A827}.Debug|x86.ActiveCfg = Debug|Any CPU
		{27460DD7-6B81-4837-8C8E-F845A461A827}.Debug|x86.Build.0 = Debug|Any CPU
		{27460DD7-6B81-4837-8C8E-F845A461A827}.Release|Any CPU.ActiveCfg = Release|Any CPU
		{27460DD7-6B81-4837-8C8E-F845A461A827}.Release|Any CPU.Build.0 = Release|Any CPU
		{27460DD7-6B81-4837-8C8E-F845A461A827}.Release|ARM.ActiveCfg = Release|Any CPU
		{27460DD7-6B81-4837-8C8E-F845A461A827}.Release|ARM.Build.0 = Release|Any CPU
		{27460DD7-6B81-4837-8C8E-F845A461A827}.Release|iPhone.ActiveCfg = Release|Any CPU
		{27460DD7-6B81-4837-8C8E-F845A461A827}.Release|iPhone.Build.0 = Release|Any CPU
		{27460DD7-6B81-4837-8C8E-F845A461A827}.Release|iPhoneSimulator.ActiveCfg = Release|Any CPU
		{27460DD7-6B81-4837-8C8E-F845A461A827}.Release|iPhoneSimulator.Build.0 = Release|Any CPU
		{27460DD7-6B81-4837-8C8E-F845A461A827}.Release|x64.ActiveCfg = Release|Any CPU
		{27460DD7-6B81-4837-8C8E-F845A461A827}.Release|x64.Build.0 = Release|Any CPU
		{27460DD7-6B81-4837-8C8E-F845A461A827}.Release|x86.ActiveCfg = Release|Any CPU
		{27460DD7-6B81-4837-8C8E-F845A461A827}.Release|x86.Build.0 = Release|Any CPU
	EndGlobalSection
	GlobalSection(SolutionProperties) = preSolution
		HideSolutionNode = FALSE
	EndGlobalSection
EndGlobal
